Microsoft Visual Studio Solution File, Format Version 11.00
# Visual Studio 2008

Project("{95420D5A-5F1F-09A3-9F29-8171D62CD7F8}") = "MagnetsHck", "Assembly-CSharp-firstpass.csproj", "{4CCD5129-8D69-849F-75EE-BA1164A35133}"
EndProject
Project("{95420D5A-5F1F-09A3-9F29-8171D62CD7F8}") = "MagnetsHck", "Assembly-UnityScript-firstpass.unityproj", "{2B63E1D1-E858-4368-2F39-806FA7397019}"
EndProject
Global
	GlobalSection(SolutionConfigurationPlatforms) = preSolution
		Debug|Any CPU = Debug|Any CPU
		Release|Any CPU = Release|Any CPU
	EndGlobalSection
	GlobalSection(ProjectConfigurationPlatforms) = postSolution
		{4CCD5129-8D69-849F-75EE-BA1164A35133}.Debug|Any CPU.ActiveCfg = Debug|Any CPU
		{4CCD5129-8D69-849F-75EE-BA1164A35133}.Debug|Any CPU.Build.0 = Debug|Any CPU
		{4CCD5129-8D69-849F-75EE-BA1164A35133}.Release|Any CPU.ActiveCfg = Release|Any CPU
		{4CCD5129-8D69-849F-75EE-BA1164A35133}.Release|Any CPU.Build.0 = Release|Any CPU
		{2B63E1D1-E858-4368-2F39-806FA7397019}.Debug|Any CPU.ActiveCfg = Debug|Any CPU
		{2B63E1D1-E858-4368-2F39-806FA7397019}.Debug|Any CPU.Build.0 = Debug|Any CPU
		{2B63E1D1-E858-4368-2F39-806FA7397019}.Release|Any CPU.ActiveCfg = Release|Any CPU
		{2B63E1D1-E858-4368-2F39-806FA7397019}.Release|Any CPU.Build.0 = Release|Any CPU
	EndGlobalSection
	GlobalSection(SolutionProperties) = preSolution
		HideSolutionNode = FALSE
	EndGlobalSection
										GlobalSection(MonoDevelopProperties) = preSolution
		StartupItem = Assembly-CSharp.csproj
		Policies = $0
		$0.TextStylePolicy = $1
		$1.inheritsSet = null
		$1.scope = text/x-csharp
		$0.CSharpFormattingPolicy = $2
		$2.inheritsSet = Mono
		$2.inheritsScope = text/x-csharp
		$2.scope = text/x-csharp
		$0.TextStylePolicy = $3
		$3.FileWidth = 120
		$3.TabWidth = 4
		$3.EolMarker = Unix
		$3.inheritsSet = Mono
		$3.inheritsScope = text/plain
		$3.scope = text/plain
	EndGlobalSection

EndGlobal
